
Microsoft Visual Studio Solution File, Format Version 12.00
# Visual Studio Version 16
VisualStudioVersion = 16.0.33328.57
MinimumVisualStudioVersion = 10.0.40219.1
Project("{FAE04EC0-301F-11D3-BF4B-00C04F79EFBC}") = "Cards.API", "Cards.API\Cards.API.csproj", "{DB874BA7-5579-4AB2-8D5A-D5F1D4EB02AA}"
EndProject
Global
	GlobalSection(SolutionConfigurationPlatforms) = preSolution
		Debug|Any CPU = Debug|Any CPU
		Release|Any CPU = Release|Any CPU
	EndGlobalSection
	GlobalSection(ProjectConfigurationPlatforms) = postSolution
		{DB874BA7-5579-4AB2-8D5A-D5F1D4EB02AA}.Debug|Any CPU.ActiveCfg = Debug|Any CPU
		{DB874BA7-5579-4AB2-8D5A-D5F1D4EB02AA}.Debug|Any CPU.Build.0 = Debug|Any CPU
		{DB874BA7-5579-4AB2-8D5A-D5F1D4EB02AA}.Release|Any CPU.ActiveCfg = Release|Any CPU
		{DB874BA7-5579-4AB2-8D5A-D5F1D4EB02AA}.Release|Any CPU.Build.0 = Release|Any CPU
	EndGlobalSection
	GlobalSection(SolutionProperties) = preSolution
		HideSolutionNode = FALSE
	EndGlobalSection
	GlobalSection(ExtensibilityGlobals) = postSolution
		SolutionGuid = {F664D3F0-92F6-4B0A-8DBD-DCD74FDE8AA9}
	EndGlobalSection
EndGlobal
